Microsoft Visual Studio Solution File, Format Version 12.00
# Visual Studio Version 16
VisualStudioVersion = 16.0.30804.86
MinimumVisualStudioVersion = 10.0.40219.1
Project("{FAE04EC0-301F-11D3-BF4B-00C04F79EFBC}") = "Evotiva.DNNSearchAndReplace", "Evotiva.DNNSearchAndReplace.csproj", "{7BDE3794-A682-4A7A-B06E-931B97D40DB3}"
EndProject
Global
	GlobalSection(SolutionConfigurationPlatforms) = preSolution
		Debug|Any CPU = Debug|Any CPU
		Release|Any CPU = Release|Any CPU
	EndGlobalSection
	GlobalSection(ProjectConfigurationPlatforms) = postSolution
		{7BDE3794-A682-4A7A-B06E-931B97D40DB3}.Debug|Any CPU.ActiveCfg = Debug|Any CPU
		{7BDE3794-A682-4A7A-B06E-931B97D40DB3}.Debug|Any CPU.Build.0 = Debug|Any CPU
		{7BDE3794-A682-4A7A-B06E-931B97D40DB3}.Release|Any CPU.ActiveCfg = Release|Any CPU
		{7BDE3794-A682-4A7A-B06E-931B97D40DB3}.Release|Any CPU.Build.0 = Release|Any CPU
	EndGlobalSection
	GlobalSection(SolutionProperties) = preSolution
		HideSolutionNode = FALSE
	EndGlobalSection
	GlobalSection(ExtensibilityGlobals) = postSolution
		SolutionGuid = {623064C9-3790-483C-97F6-B854E991440A}
	EndGlobalSection
	GlobalSection(MonoDevelopProperties) = preSolution
		Policies = $0
		$0.DotNetNamingPolicy = $1
		$1.DirectoryNamespaceAssociation = PrefixedHierarchical
		$0.TextStylePolicy = $6
		$2.inheritsSet = null
		$2.scope = text/x-csharp
		$0.CSharpFormattingPolicy = $3
		$3.scope = text/x-csharp
		$0.VersionControlPolicy = $4
		$0.StandardHeader = $5
		$6.inheritsSet = null
		$6.scope = application/xml
		$0.XmlFormattingPolicy = $7
		$7.scope = application/xml
		description = Evotiva.DNNSearchAndReplace is a DNN Search and Replace DNN Persona Bar extension.
		version = 1.0.0
	EndGlobalSection
EndGlobal
